
Microsoft Visual Studio Solution File, Format Version 12.00
# Visual Studio Version 16
VisualStudioVersion = 16.0.29215.179
MinimumVisualStudioVersion = 10.0.40219.1
Project("{FAE04EC0-301F-11D3-BF4B-00C04F79EFBC}") = "Thesis", "Thesis\Thesis.csproj", "{3E1C78C8-C2C3-43F5-A550-B1D6EF792C54}"
EndProject
Global
	GlobalSection(SolutionConfigurationPlatforms) = preSolution
		Debug|Any CPU = Debug|Any CPU
		Release|Any CPU = Release|Any CPU
	EndGlobalSection
	GlobalSection(ProjectConfigurationPlatforms) = postSolution
		{3E1C78C8-C2C3-43F5-A550-B1D6EF792C54}.Debug|Any CPU.ActiveCfg = Debug|Any CPU
		{3E1C78C8-C2C3-43F5-A550-B1D6EF792C54}.Debug|Any CPU.Build.0 = Debug|Any CPU
		{3E1C78C8-C2C3-43F5-A550-B1D6EF792C54}.Release|Any CPU.ActiveCfg = Release|Any CPU
		{3E1C78C8-C2C3-43F5-A550-B1D6EF792C54}.Release|Any CPU.Build.0 = Release|Any CPU
	EndGlobalSection
	GlobalSection(SolutionProperties) = preSolution
		HideSolutionNode = FALSE
	EndGlobalSection
	GlobalSection(ExtensibilityGlobals) = postSolution
		SolutionGuid = {696DFE11-FBDD-479A-BEC9-6B6CEFDB51B3}
	EndGlobalSection
EndGlobal
